
Microsoft Visual Studio Solution File, Format Version 12.00
# Visual Studio Version 16
VisualStudioVersion = 16.0.31402.337
MinimumVisualStudioVersion = 10.0.40219.1
Project("{9A19103F-16F7-4668-BE54-9A1E7A4F7556}") = "Streamish", "Streamish\Streamish.csproj", "{76159706-0417-4715-BB52-46685BEAA7F0}"
EndProject
Project("{FAE04EC0-301F-11D3-BF4B-00C04F79EFBC}") = "Streamish.Tests", "Streamish.Tests\Streamish.Tests.csproj", "{62120538-25D7-443D-831D-B800166E1356}"
EndProject
Global
	GlobalSection(SolutionConfigurationPlatforms) = preSolution
		Debug|Any CPU = Debug|Any CPU
		Release|Any CPU = Release|Any CPU
	EndGlobalSection
	GlobalSection(ProjectConfigurationPlatforms) = postSolution
		{76159706-0417-4715-BB52-46685BEAA7F0}.Debug|Any CPU.ActiveCfg = Debug|Any CPU
		{76159706-0417-4715-BB52-46685BEAA7F0}.Debug|Any CPU.Build.0 = Debug|Any CPU
		{76159706-0417-4715-BB52-46685BEAA7F0}.Release|Any CPU.ActiveCfg = Release|Any CPU
		{76159706-0417-4715-BB52-46685BEAA7F0}.Release|Any CPU.Build.0 = Release|Any CPU
		{62120538-25D7-443D-831D-B800166E1356}.Debug|Any CPU.ActiveCfg = Debug|Any CPU
		{62120538-25D7-443D-831D-B800166E1356}.Debug|Any CPU.Build.0 = Debug|Any CPU
		{62120538-25D7-443D-831D-B800166E1356}.Release|Any CPU.ActiveCfg = Release|Any CPU
		{62120538-25D7-443D-831D-B800166E1356}.Release|Any CPU.Build.0 = Release|Any CPU
	EndGlobalSection
	GlobalSection(SolutionProperties) = preSolution
		HideSolutionNode = FALSE
	EndGlobalSection
	GlobalSection(ExtensibilityGlobals) = postSolution
		SolutionGuid = {8F1474CC-FBC1-4D84-9C9B-DA836A941984}
	EndGlobalSection
EndGlobal
